schema: '2.0'
stages:
  train:
    cmd: python main_pipeline.py --config configs/train_config.yaml
    deps:
    - path: configs/train_config.yaml
      hash: md5
      md5: 6cfd7ca3ba55590277f4a47e96bdf90d
      size: 1103
    - path: data/raw/
      hash: md5
      md5: ab6f542bd42dc3667e14ddb2f16a88ee.dir
      size: 18219177
      nfiles: 8
    outs:
    - path: models/catclf.pkl
      hash: md5
      md5: 33ae97226324d22cd1ce4d807933732d
      size: 441912
    - path: models/metrics.json
      hash: md5
      md5: 02608a51d935814016ea297f244cad8a
      size: 167
